
Microsoft Visual Studio Solution File, Format Version 12.00
# Visual Studio Version 17
VisualStudioVersion = 17.5.33530.505
MinimumVisualStudioVersion = 10.0.40219.1
Project("{FAE04EC0-301F-11D3-BF4B-00C04F79EFBC}") = "Program", "Program\Program.csproj", "{EB945C87-F966-4ACE-907C-BA489670424C}"
EndProject
Global
	GlobalSection(SolutionConfigurationPlatforms) = preSolution
		Debug|Any CPU = Debug|Any CPU
		Release|Any CPU = Release|Any CPU
	EndGlobalSection
	GlobalSection(ProjectConfigurationPlatforms) = postSolution
		{EB945C87-F966-4ACE-907C-BA489670424C}.Debug|Any CPU.ActiveCfg = Debug|Any CPU
		{EB945C87-F966-4ACE-907C-BA489670424C}.Debug|Any CPU.Build.0 = Debug|Any CPU
		{EB945C87-F966-4ACE-907C-BA489670424C}.Release|Any CPU.ActiveCfg = Release|Any CPU
		{EB945C87-F966-4ACE-907C-BA489670424C}.Release|Any CPU.Build.0 = Release|Any CPU
	EndGlobalSection
	GlobalSection(SolutionProperties) = preSolution
		HideSolutionNode = FALSE
	EndGlobalSection
	GlobalSection(ExtensibilityGlobals) = postSolution
		SolutionGuid = {1BA59A16-8AF1-4760-A5AF-8358BBFEB2A4}
	EndGlobalSection
EndGlobal
